// !$*UTF8*$!
{
	archiveVersion = 1;
	classes = {
	};
	objectVersion = 55;
	objects = {

/* Begin PBXBuildFile section */
		212AA7D12754E5010061CCBC /* WeatherApp.swift in Sources */ = {isa = PBXBuildFile; fileRef = 212AA7D02754E5010061CCBC /* WeatherApp.swift */; };
		212AA7D32754E5010061CCBC /* HomeView.swift in Sources */ = {isa = PBXBuildFile; fileRef = 212AA7D22754E5010061CCBC /* HomeView.swift */; };
		212AA7D52754E5030061CCBC /* Assets.xcassets in Resources */ = {isa = PBXBuildFile; fileRef = 212AA7D42754E5030061CCBC /* Assets.xcassets */; };
		212AA7D82754E5030061CCBC /* Preview Assets.xcassets in Resources */ = {isa = PBXBuildFile; fileRef = 212AA7D72754E5030061CCBC /* Preview Assets.xcassets */; };
		212AA7E22754E5040061CCBC /* WeatherTests.swift in Sources */ = {isa = PBXBuildFile; fileRef = 212AA7E12754E5040061CCBC /* WeatherTests.swift */; };
		212AA7EC2754E5040061CCBC /* WeatherUITests.swift in Sources */ = {isa = PBXBuildFile; fileRef = 212AA7EB2754E5040061CCBC /* WeatherUITests.swift */; };
		212AA7EE2754E5040061CCBC /* WeatherUITestsLaunchTests.swift in Sources */ = {isa = PBXBuildFile; fileRef = 212AA7ED2754E5040061CCBC /* WeatherUITestsLaunchTests.swift */; };
		212AA7FD2754F37C0061CCBC /* WeatherViewModel.swift in Sources */ = {isa = PBXBuildFile; fileRef = 212AA7FC2754F37C0061CCBC /* WeatherViewModel.swift */; };
		212C8DAA27757F39001C1784 /* HourlyRow.swift in Sources */ = {isa = PBXBuildFile; fileRef = 212C8DA927757F39001C1784 /* HourlyRow.swift */; };
		212C8DAC2775AF90001C1784 /* UnsplashedResponse.swift in Sources */ = {isa = PBXBuildFile; fileRef = 212C8DAB2775AF90001C1784 /* UnsplashedResponse.swift */; };
		212C8DAE2775DFA7001C1784 /* GeoResponseTest.swift in Sources */ = {isa = PBXBuildFile; fileRef = 212C8DAD2775DFA7001C1784 /* GeoResponseTest.swift */; };
		212EF652276310C900883423 /* WeatherDetail.swift in Sources */ = {isa = PBXBuildFile; fileRef = 212EF651276310C900883423 /* WeatherDetail.swift */; };
		212EF65427634BCF00883423 /* DailyWeatherResponse.swift in Sources */ = {isa = PBXBuildFile; fileRef = 212EF65327634BCF00883423 /* DailyWeatherResponse.swift */; };
		213360DE277ACE2400B6A66A /* LocationManager.swift in Sources */ = {isa = PBXBuildFile; fileRef = 213360DD277ACE2400B6A66A /* LocationManager.swift */; };
		213360E2277B11C600B6A66A /* DailyWeatherResponse+NSItemProviderWriting.swift in Sources */ = {isa = PBXBuildFile; fileRef = 213360E1277B11C600B6A66A /* DailyWeatherResponse+NSItemProviderWriting.swift */; };
		213360E4277B17D000B6A66A /* WeatherRowDropDelegate.swift in Sources */ = {isa = PBXBuildFile; fileRef = 213360E3277B17D000B6A66A /* WeatherRowDropDelegate.swift */; };
		213631D9275B5F7D004D6261 /* SuggestionsView.swift in Sources */ = {isa = PBXBuildFile; fileRef = 213631D8275B5F7D004D6261 /* SuggestionsView.swift */; };
		213631DC275B5FC2004D6261 /* WeatherRow.swift in Sources */ = {isa = PBXBuildFile; fileRef = 213631DB275B5FC2004D6261 /* WeatherRow.swift */; };
		213631DE275B64E0004D6261 /* Constants.swift in Sources */ = {isa = PBXBuildFile; fileRef = 213631DD275B64E0004D6261 /* Constants.swift */; };
		213631E3275B6598004D6261 /* NetworkManager.swift in Sources */ = {isa = PBXBuildFile; fileRef = 213631E2275B6598004D6261 /* NetworkManager.swift */; };
		213631E6275B9F89004D6261 /* GeoResponse.swift in Sources */ = {isa = PBXBuildFile; fileRef = 213631E5275B9F89004D6261 /* GeoResponse.swift */; };
		213631E8275B9FA2004D6261 /* WeatherModel.swift in Sources */ = {isa = PBXBuildFile; fileRef = 213631E7275B9FA2004D6261 /* WeatherModel.swift */; };
		216B8B232765A90A001E4FC5 /* Weekdays.swift in Sources */ = {isa = PBXBuildFile; fileRef = 216B8B222765A90A001E4FC5 /* Weekdays.swift */; };
		216B8B262765AA77001E4FC5 /* DetailHeader.swift in Sources */ = {isa = PBXBuildFile; fileRef = 216B8B252765AA77001E4FC5 /* DetailHeader.swift */; };
		216B8B282765ADD7001E4FC5 /* HeaderRow.swift in Sources */ = {isa = PBXBuildFile; fileRef = 216B8B272765ADD7001E4FC5 /* HeaderRow.swift */; };
		216B8B2A2765AE05001E4FC5 /* WeekTemperatureView.swift in Sources */ = {isa = PBXBuildFile; fileRef = 216B8B292765AE05001E4FC5 /* WeekTemperatureView.swift */; };
		216B8B312765E5B7001E4FC5 /* String+capitalizeFirst.swift in Sources */ = {isa = PBXBuildFile; fileRef = 216B8B302765E5B7001E4FC5 /* String+capitalizeFirst.swift */; };
		2175206327859D8A00E759C3 /* View+UltraThinMaterialShadow.swift in Sources */ = {isa = PBXBuildFile; fileRef = 2175206227859D8A00E759C3 /* View+UltraThinMaterialShadow.swift */; };
		2193467827819ADC00AB9ADB /* WeatherDetailViewModel.swift in Sources */ = {isa = PBXBuildFile; fileRef = 2193467727819ADC00AB9ADB /* WeatherDetailViewModel.swift */; };
/* End PBXBuildFile section */

/* Begin PBXContainerItemProxy section */
		212AA7DE2754E5040061CCBC /* PBXContainerItemProxy */ = {
			isa = PBXContainerItemProxy;
			containerPortal = 212AA7C52754E5010061CCBC /* Project object */;
			proxyType = 1;
			remoteGlobalIDString = 212AA7CC2754E5010061CCBC;
			remoteInfo = Weather;
		};
		212AA7E82754E5040061CCBC /* PBXContainerItemProxy */ = {
			isa = PBXContainerItemProxy;
			containerPortal = 212AA7C52754E5010061CCBC /* Project object */;
			proxyType = 1;
			remoteGlobalIDString = 212AA7CC2754E5010061CCBC;
			remoteInfo = Weather;
		};
/* End PBXContainerItemProxy section */

/* Begin PBXFileReference section */
		212AA7CD2754E5010061CCBC /* Weather.app */ = {isa = PBXFileReference; explicitFileType = wrapper.application; includeInIndex = 0; path = Weather.app; sourceTree = BUILT_PRODUCTS_DIR; };
		212AA7D02754E5010061CCBC /* WeatherApp.swift */ = {isa = PBXFileReference; lastKnownFileType = sourcecode.swift; path = WeatherApp.swift; sourceTree = "<group>"; };
		212AA7D22754E5010061CCBC /* HomeView.swift */ = {isa = PBXFileReference; lastKnownFileType = sourcecode.swift; path = HomeView.swift; sourceTree = "<group>"; };
		212AA7D42754E5030061CCBC /* Assets.xcassets */ = {isa = PBXFileReference; lastKnownFileType = folder.assetcatalog; path = Assets.xcassets; sourceTree = "<group>"; };
		212AA7D72754E5030061CCBC /* Preview Assets.xcassets */ = {isa = PBXFileReference; lastKnownFileType = folder.assetcatalog; path = "Preview Assets.xcassets"; sourceTree = "<group>"; };
		212AA7DD2754E5040061CCBC /* WeatherTests.xctest */ = {isa = PBXFileReference; explicitFileType = wrapper.cfbundle; includeInIndex = 0; path = WeatherTests.xctest; sourceTree = BUILT_PRODUCTS_DIR; };
		212AA7E12754E5040061CCBC /* WeatherTests.swift */ = {isa = PBXFileReference; lastKnownFileType = sourcecode.swift; path = WeatherTests.swift; sourceTree = "<group>"; };
		212AA7E72754E5040061CCBC /* WeatherUITests.xctest */ = {isa = PBXFileReference; explicitFileType = wrapper.cfbundle; includeInIndex = 0; path = WeatherUITests.xctest; sourceTree = BUILT_PRODUCTS_DIR; };
		212AA7EB2754E5040061CCBC /* WeatherUITests.swift */ = {isa = PBXFileReference; lastKnownFileType = sourcecode.swift; path = WeatherUITests.swift; sourceTree = "<group>"; };
		212AA7ED2754E5040061CCBC /* WeatherUITestsLaunchTests.swift */ = {isa = PBXFileReference; lastKnownFileType = sourcecode.swift; path = WeatherUITestsLaunchTests.swift; sourceTree = "<group>"; };
		212AA7FC2754F37C0061CCBC /* WeatherViewModel.swift */ = {isa = PBXFileReference; lastKnownFileType = sourcecode.swift; path = WeatherViewModel.swift; sourceTree = "<group>"; };
		212C8DA927757F39001C1784 /* HourlyRow.swift */ = {isa = PBXFileReference; lastKnownFileType = sourcecode.swift; path = HourlyRow.swift; sourceTree = "<group>"; };
		212C8DAB2775AF90001C1784 /* UnsplashedResponse.swift */ = {isa = PBXFileReference; lastKnownFileType = sourcecode.swift; path = UnsplashedResponse.swift; sourceTree = "<group>"; };
		212C8DAD2775DFA7001C1784 /* GeoResponseTest.swift */ = {isa = PBXFileReference; lastKnownFileType = sourcecode.swift; path = GeoResponseTest.swift; sourceTree = "<group>"; };
		212EF651276310C900883423 /* WeatherDetail.swift */ = {isa = PBXFileReference; lastKnownFileType = sourcecode.swift; path = WeatherDetail.swift; sourceTree = "<group>"; };
		212EF65327634BCF00883423 /* DailyWeatherResponse.swift */ = {isa = PBXFileReference; lastKnownFileType = sourcecode.swift; path = DailyWeatherResponse.swift; sourceTree = "<group>"; };
		213360DD277ACE2400B6A66A /* LocationManager.swift */ = {isa = PBXFileReference; lastKnownFileType = sourcecode.swift; path = LocationManager.swift; sourceTree = "<group>"; };
		213360E1277B11C600B6A66A /* DailyWeatherResponse+NSItemProviderWriting.swift */ = {isa = PBXFileReference; lastKnownFileType = sourcecode.swift; path = "DailyWeatherResponse+NSItemProviderWriting.swift"; sourceTree = "<group>"; };
		213360E3277B17D000B6A66A /* WeatherRowDropDelegate.swift */ = {isa = PBXFileReference; lastKnownFileType = sourcecode.swift; path = WeatherRowDropDelegate.swift; sourceTree = "<group>"; };
		213631D8275B5F7D004D6261 /* SuggestionsView.swift */ = {isa = PBXFileReference; lastKnownFileType = sourcecode.swift; path = SuggestionsView.swift; sourceTree = "<group>"; };
		213631DB275B5FC2004D6261 /* WeatherRow.swift */ = {isa = PBXFileReference; lastKnownFileType = sourcecode.swift; path = WeatherRow.swift; sourceTree = "<group>"; };
		213631DD275B64E0004D6261 /* Constants.swift */ = {isa = PBXFileReference; lastKnownFileType = sourcecode.swift; path = Constants.swift; sourceTree = "<group>"; };
		213631E2275B6598004D6261 /* NetworkManager.swift */ = {isa = PBXFileReference; lastKnownFileType = sourcecode.swift; path = NetworkManager.swift; sourceTree = "<group>"; };
		213631E5275B9F89004D6261 /* GeoResponse.swift */ = {isa = PBXFileReference; lastKnownFileType = sourcecode.swift; path = GeoResponse.swift; sourceTree = "<group>"; };
		213631E7275B9FA2004D6261 /* WeatherModel.swift */ = {isa = PBXFileReference; lastKnownFileType = sourcecode.swift; path = WeatherModel.swift; sourceTree = "<group>"; };
		216B8B222765A90A001E4FC5 /* Weekdays.swift */ = {isa = PBXFileReference; lastKnownFileType = sourcecode.swift; path = Weekdays.swift; sourceTree = "<group>"; };
		216B8B252765AA77001E4FC5 /* DetailHeader.swift */ = {isa = PBXFileReference; lastKnownFileType = sourcecode.swift; path = DetailHeader.swift; sourceTree = "<group>"; };
		216B8B272765ADD7001E4FC5 /* HeaderRow.swift */ = {isa = PBXFileReference; lastKnownFileType = sourcecode.swift; path = HeaderRow.swift; sourceTree = "<group>"; };
		216B8B292765AE05001E4FC5 /* WeekTemperatureView.swift */ = {isa = PBXFileReference; lastKnownFileType = sourcecode.swift; path = WeekTemperatureView.swift; sourceTree = "<group>"; };
		216B8B302765E5B7001E4FC5 /* String+capitalizeFirst.swift */ = {isa = PBXFileReference; lastKnownFileType = sourcecode.swift; path = "String+capitalizeFirst.swift"; sourceTree = "<group>"; };
		2175206227859D8A00E759C3 /* View+UltraThinMaterialShadow.swift */ = {isa = PBXFileReference; lastKnownFileType = sourcecode.swift; path = "View+UltraThinMaterialShadow.swift"; sourceTree = "<group>"; };
		2193467727819ADC00AB9ADB /* WeatherDetailViewModel.swift */ = {isa = PBXFileReference; lastKnownFileType = sourcecode.swift; path = WeatherDetailViewModel.swift; sourceTree = "<group>"; };
/* End PBXFileReference section */

/* Begin PBXFrameworksBuildPhase section */
		212AA7CA2754E5010061CCBC /* Frameworks */ = {
			isa = PBXFrameworksBuildPhase;
			buildActionMask = 2147483647;
			files = (
			);
			runOnlyForDeploymentPostprocessing = 0;
		};
		212AA7DA2754E5040061CCBC /* Frameworks */ = {
			isa = PBXFrameworksBuildPhase;
			buildActionMask = 2147483647;
			files = (
			);
			runOnlyForDeploymentPostprocessing = 0;
		};
		212AA7E42754E5040061CCBC /* Frameworks */ = {
			isa = PBXFrameworksBuildPhase;
			buildActionMask = 2147483647;
			files = (
			);
			runOnlyForDeploymentPostprocessing = 0;
		};
/* End PBXFrameworksBuildPhase section */

/* Begin PBXGroup section */
		212AA7C42754E5010061CCBC = {
			isa = PBXGroup;
			children = (
				212AA7CF2754E5010061CCBC /* Weather */,
				212AA7E02754E5040061CCBC /* WeatherTests */,
				212AA7EA2754E5040061CCBC /* WeatherUITests */,
				212AA7CE2754E5010061CCBC /* Products */,
			);
			sourceTree = "<group>";
		};
		212AA7CE2754E5010061CCBC /* Products */ = {
			isa = PBXGroup;
			children = (
				212AA7CD2754E5010061CCBC /* Weather.app */,
				212AA7DD2754E5040061CCBC /* WeatherTests.xctest */,
				212AA7E72754E5040061CCBC /* WeatherUITests.xctest */,
			);
			name = Products;
			sourceTree = "<group>";
		};
		212AA7CF2754E5010061CCBC /* Weather */ = {
			isa = PBXGroup;
			children = (
				212AA7D02754E5010061CCBC /* WeatherApp.swift */,
				2130926D277EE81500AB9F8D /* Utilities */,
				216B8B2D2765B2B2001E4FC5 /* Extensions */,
				213631E4275B9F80004D6261 /* Models */,
				213631D7275B5F6E004D6261 /* Views */,
				2193467627819AA500AB9ADB /* View Models */,
				212AA7D42754E5030061CCBC /* Assets.xcassets */,
				212AA7D62754E5030061CCBC /* Preview Content */,
			);
			path = Weather;
			sourceTree = "<group>";
		};
		212AA7D62754E5030061CCBC /* Preview Content */ = {
			isa = PBXGroup;
			children = (
				212AA7D72754E5030061CCBC /* Preview Assets.xcassets */,
			);
			path = "Preview Content";
			sourceTree = "<group>";
		};
		212AA7E02754E5040061CCBC /* WeatherTests */ = {
			isa = PBXGroup;
			children = (
				212AA7E12754E5040061CCBC /* WeatherTests.swift */,
				212C8DAD2775DFA7001C1784 /* GeoResponseTest.swift */,
			);
			path = WeatherTests;
			sourceTree = "<group>";
		};
		212AA7EA2754E5040061CCBC /* WeatherUITests */ = {
			isa = PBXGroup;
			children = (
				212AA7EB2754E5040061CCBC /* WeatherUITests.swift */,
				212AA7ED2754E5040061CCBC /* WeatherUITestsLaunchTests.swift */,
			);
			path = WeatherUITests;
			sourceTree = "<group>";
		};
		2130926D277EE81500AB9F8D /* Utilities */ = {
			isa = PBXGroup;
			children = (
				213631DD275B64E0004D6261 /* Constants.swift */,
				213631E2275B6598004D6261 /* NetworkManager.swift */,
				213360DD277ACE2400B6A66A /* LocationManager.swift */,
				213360E3277B17D000B6A66A /* WeatherRowDropDelegate.swift */,
			);
			path = Utilities;
			sourceTree = "<group>";
		};
		213360DF277AED1F00B6A66A /* Weather */ = {
			isa = PBXGroup;
			children = (
				213631E5275B9F89004D6261 /* GeoResponse.swift */,
				213631E7275B9FA2004D6261 /* WeatherModel.swift */,
				212EF65327634BCF00883423 /* DailyWeatherResponse.swift */,
			);
			path = Weather;
			sourceTree = "<group>";
		};
		213360E0277AED2E00B6A66A /* Unsplashed */ = {
			isa = PBXGroup;
			children = (
				212C8DAB2775AF90001C1784 /* UnsplashedResponse.swift */,
			);
			path = Unsplashed;
			sourceTree = "<group>";
		};
		213631D7275B5F6E004D6261 /* Views */ = {
			isa = PBXGroup;
			children = (
				216B8B242765AA2E001E4FC5 /* WeatherDetail */,
				213631DA275B5FAA004D6261 /* Home */,
			);
			path = Views;
			sourceTree = "<group>";
		};
		213631DA275B5FAA004D6261 /* Home */ = {
			isa = PBXGroup;
			children = (
				212AA7D22754E5010061CCBC /* HomeView.swift */,
				213631D8275B5F7D004D6261 /* SuggestionsView.swift */,
				213631DB275B5FC2004D6261 /* WeatherRow.swift */,
			);
			path = Home;
			sourceTree = "<group>";
		};
		213631E4275B9F80004D6261 /* Models */ = {
			isa = PBXGroup;
			children = (
				213360E0277AED2E00B6A66A /* Unsplashed */,
				213360DF277AED1F00B6A66A /* Weather */,
				216B8B222765A90A001E4FC5 /* Weekdays.swift */,
			);
			path = Models;
			sourceTree = "<group>";
		};
		216B8B242765AA2E001E4FC5 /* WeatherDetail */ = {
			isa = PBXGroup;
			children = (
				212EF651276310C900883423 /* WeatherDetail.swift */,
				216B8B252765AA77001E4FC5 /* DetailHeader.swift */,
				216B8B272765ADD7001E4FC5 /* HeaderRow.swift */,
				216B8B292765AE05001E4FC5 /* WeekTemperatureView.swift */,
				212C8DA927757F39001C1784 /* HourlyRow.swift */,
			);
			path = WeatherDetail;
			sourceTree = "<group>";
		};
		216B8B2D2765B2B2001E4FC5 /* Extensions */ = {
			isa = PBXGroup;
			children = (
				216B8B302765E5B7001E4FC5 /* String+capitalizeFirst.swift */,
				213360E1277B11C600B6A66A /* DailyWeatherResponse+NSItemProviderWriting.swift */,
				2175206227859D8A00E759C3 /* View+UltraThinMaterialShadow.swift */,
			);
			path = Extensions;
			sourceTree = "<group>";
		};
		2193467627819AA500AB9ADB /* View Models */ = {
			isa = PBXGroup;
			children = (
				212AA7FC2754F37C0061CCBC /* WeatherViewModel.swift */,
				2193467727819ADC00AB9ADB /* WeatherDetailViewModel.swift */,
			);
			path = "View Models";
			sourceTree = "<group>";
		};
/* End PBXGroup section */

/* Begin PBXNativeTarget section */
		212AA7CC2754E5010061CCBC /* Weather */ = {
			isa = PBXNativeTarget;
			buildConfigurationList = 212AA7F12754E5040061CCBC /* Build configuration list for PBXNativeTarget "Weather" */;
			buildPhases = (
				212AA7C92754E5010061CCBC /* Sources */,
				212AA7CA2754E5010061CCBC /* Frameworks */,
				212AA7CB2754E5010061CCBC /* Resources */,
			);
			buildRules = (
			);
			dependencies = (
			);
			name = Weather;
			productName = Weather;
			productReference = 212AA7CD2754E5010061CCBC /* Weather.app */;
			productType = "com.apple.product-type.application";
		};
		212AA7DC2754E5040061CCBC /* WeatherTests */ = {
			isa = PBXNativeTarget;
			buildConfigurationList = 212AA7F42754E5040061CCBC /* Build configuration list for PBXNativeTarget "WeatherTests" */;
			buildPhases = (
				212AA7D92754E5040061CCBC /* Sources */,
				212AA7DA2754E5040061CCBC /* Frameworks */,
				212AA7DB2754E5040061CCBC /* Resources */,
			);
			buildRules = (
			);
			dependencies = (
				212AA7DF2754E5040061CCBC /* PBXTargetDependency */,
			);
			name = WeatherTests;
			productName = WeatherTests;
			productReference = 212AA7DD2754E5040061CCBC /* WeatherTests.xctest */;
			productType = "com.apple.product-type.bundle.unit-test";
		};
		212AA7E62754E5040061CCBC /* WeatherUITests */ = {
			isa = PBXNativeTarget;
			buildConfigurationList = 212AA7F72754E5040061CCBC /* Build configuration list for PBXNativeTarget "WeatherUITests" */;
			buildPhases = (
				212AA7E32754E5040061CCBC /* Sources */,
				212AA7E42754E5040061CCBC /* Frameworks */,
				212AA7E52754E5040061CCBC /* Resources */,
			);
			buildRules = (
			);
			dependencies = (
				212AA7E92754E5040061CCBC /* PBXTargetDependency */,
			);
			name = WeatherUITests;
			productName = WeatherUITests;
			productReference = 212AA7E72754E5040061CCBC /* WeatherUITests.xctest */;
			productType = "com.apple.product-type.bundle.ui-testing";
		};
/* End PBXNativeTarget section */

/* Begin PBXProject section */
		212AA7C52754E5010061CCBC /* Project object */ = {
			isa = PBXProject;
			attributes = {
				BuildIndependentTargetsInParallel = 1;
				LastSwiftUpdateCheck = 1310;
				LastUpgradeCheck = 1310;
				TargetAttributes = {
					212AA7CC2754E5010061CCBC = {
						CreatedOnToolsVersion = 13.1;
					};
					212AA7DC2754E5040061CCBC = {
						CreatedOnToolsVersion = 13.1;
						TestTargetID = 212AA7CC2754E5010061CCBC;
					};
					212AA7E62754E5040061CCBC = {
						CreatedOnToolsVersion = 13.1;
						TestTargetID = 212AA7CC2754E5010061CCBC;
					};
				};
			};
			buildConfigurationList = 212AA7C82754E5010061CCBC /* Build configuration list for PBXProject "Weather" */;
			compatibilityVersion = "Xcode 13.0";
			developmentRegion = en;
			hasScannedForEncodings = 0;
			knownRegions = (
				en,
				Base,
			);
			mainGroup = 212AA7C42754E5010061CCBC;
			productRefGroup = 212AA7CE2754E5010061CCBC /* Products */;
			projectDirPath = "";
			projectRoot = "";
			targets = (
				212AA7CC2754E5010061CCBC /* Weather */,
				212AA7DC2754E5040061CCBC /* WeatherTests */,
				212AA7E62754E5040061CCBC /* WeatherUITests */,
			);
		};
/* End PBXProject section */

/* Begin PBXResourcesBuildPhase section */
		212AA7CB2754E5010061CCBC /* Resources */ = {
			isa = PBXResourcesBuildPhase;
			buildActionMask = 2147483647;
			files = (
				212AA7D82754E5030061CCBC /* Preview Assets.xcassets in Resources */,
				212AA7D52754E5030061CCBC /* Assets.xcassets in Resources */,
			);
			runOnlyForDeploymentPostprocessing = 0;
		};
		212AA7DB2754E5040061CCBC /* Resources */ = {
			isa = PBXResourcesBuildPhase;
			buildActionMask = 2147483647;
			files = (
			);
			runOnlyForDeploymentPostprocessing = 0;
		};
		212AA7E52754E5040061CCBC /* Resources */ = {
			isa = PBXResourcesBuildPhase;
			buildActionMask = 2147483647;
			files = (
			);
			runOnlyForDeploymentPostprocessing = 0;
		};
/* End PBXResourcesBuildPhase section */

/* Begin PBXSourcesBuildPhase section */
		212AA7C92754E5010061CCBC /* Sources */ = {
			isa = PBXSourcesBuildPhase;
			buildActionMask = 2147483647;
			files = (
				213631D9275B5F7D004D6261 /* SuggestionsView.swift in Sources */,
				212AA7D32754E5010061CCBC /* HomeView.swift in Sources */,
				216B8B2A2765AE05001E4FC5 /* WeekTemperatureView.swift in Sources */,
				212C8DAC2775AF90001C1784 /* UnsplashedResponse.swift in Sources */,
				213631DC275B5FC2004D6261 /* WeatherRow.swift in Sources */,
				213631E8275B9FA2004D6261 /* WeatherModel.swift in Sources */,
				216B8B232765A90A001E4FC5 /* Weekdays.swift in Sources */,
				213631E3275B6598004D6261 /* NetworkManager.swift in Sources */,
				213631DE275B64E0004D6261 /* Constants.swift in Sources */,
				2175206327859D8A00E759C3 /* View+UltraThinMaterialShadow.swift in Sources */,
				212EF65427634BCF00883423 /* DailyWeatherResponse.swift in Sources */,
				216B8B312765E5B7001E4FC5 /* String+capitalizeFirst.swift in Sources */,
				212C8DAA27757F39001C1784 /* HourlyRow.swift in Sources */,
				212AA7D12754E5010061CCBC /* WeatherApp.swift in Sources */,
				213360DE277ACE2400B6A66A /* LocationManager.swift in Sources */,
				213360E4277B17D000B6A66A /* WeatherRowDropDelegate.swift in Sources */,
				216B8B282765ADD7001E4FC5 /* HeaderRow.swift in Sources */,
				2193467827819ADC00AB9ADB /* WeatherDetailViewModel.swift in Sources */,
				213360E2277B11C600B6A66A /* DailyWeatherResponse+NSItemProviderWriting.swift in Sources */,
				212EF652276310C900883423 /* WeatherDetail.swift in Sources */,
				212AA7FD2754F37C0061CCBC /* WeatherViewModel.swift in Sources */,
				216B8B262765AA77001E4FC5 /* DetailHeader.swift in Sources */,
				213631E6275B9F89004D6261 /* GeoResponse.swift in Sources */,
			);
			runOnlyForDeploymentPostprocessing = 0;
		};
		212AA7D92754E5040061CCBC /* Sources */ = {
			isa = PBXSourcesBuildPhase;
			buildActionMask = 2147483647;
			files = (
				212C8DAE2775DFA7001C1784 /* GeoResponseTest.swift in Sources */,
				212AA7E22754E5040061CCBC /* WeatherTests.swift in Sources */,
			);
			runOnlyForDeploymentPostprocessing = 0;
		};
		212AA7E32754E5040061CCBC /* Sources */ = {
			isa = PBXSourcesBuildPhase;
			buildActionMask = 2147483647;
			files = (
				212AA7EC2754E5040061CCBC /* WeatherUITests.swift in Sources */,
				212AA7EE2754E5040061CCBC /* WeatherUITestsLaunchTests.swift in Sources */,
			);
			runOnlyForDeploymentPostprocessing = 0;
		};
/* End PBXSourcesBuildPhase section */

/* Begin PBXTargetDependency section */
		212AA7DF2754E5040061CCBC /* PBXTargetDependency */ = {
			isa = PBXTargetDependency;
			target = 212AA7CC2754E5010061CCBC /* Weather */;
			targetProxy = 212AA7DE2754E5040061CCBC /* PBXContainerItemProxy */;
		};
		212AA7E92754E5040061CCBC /* PBXTargetDependency */ = {
			isa = PBXTargetDependency;
			target = 212AA7CC2754E5010061CCBC /* Weather */;
			targetProxy = 212AA7E82754E5040061CCBC /* PBXContainerItemProxy */;
		};
/* End PBXTargetDependency section */

/* Begin XCBuildConfiguration section */
		212AA7EF2754E5040061CCBC /* Debug */ = {
			isa = XCBuildConfiguration;
			buildSettings = {
				ALWAYS_SEARCH_USER_PATHS = NO;
				CLANG_ANALYZER_NONNULL = YES;
				CLANG_ANALYZER_NUMBER_OBJECT_CONVERSION = YES_AGGRESSIVE;
				CLANG_CXX_LANGUAGE_STANDARD = "gnu++17";
				CLANG_CXX_LIBRARY = "libc++";
				CLANG_ENABLE_MODULES = YES;
				CLANG_ENABLE_OBJC_ARC = YES;
				CLANG_ENABLE_OBJC_WEAK = YES;
				CLANG_WARN_BLOCK_CAPTURE_AUTORELEASING = YES;
				CLANG_WARN_BOOL_CONVERSION = YES;
				CLANG_WARN_COMMA = YES;
				CLANG_WARN_CONSTANT_CONVERSION = YES;
				CLANG_WARN_DEPRECATED_OBJC_IMPLEMENTATIONS = YES;
				CLANG_WARN_DIRECT_OBJC_ISA_USAGE = YES_ERROR;
				CLANG_WARN_DOCUMENTATION_COMMENTS = YES;
				CLANG_WARN_EMPTY_BODY = YES;
				CLANG_WARN_ENUM_CONVERSION = YES;
				CLANG_WARN_INFINITE_RECURSION = YES;
				CLANG_WARN_INT_CONVERSION = YES;
				CLANG_WARN_NON_LITERAL_NULL_CONVERSION = YES;
				CLANG_WARN_OBJC_IMPLICIT_RETAIN_SELF = YES;
				CLANG_WARN_OBJC_LITERAL_CONVERSION = YES;
				CLANG_WARN_OBJC_ROOT_CLASS = YES_ERROR;
				CLANG_WARN_QUOTED_INCLUDE_IN_FRAMEWORK_HEADER = YES;
				CLANG_WARN_RANGE_LOOP_ANALYSIS = YES;
				CLANG_WARN_STRICT_PROTOTYPES = YES;
				CLANG_WARN_SUSPICIOUS_MOVE = YES;
				CLANG_WARN_UNGUARDED_AVAILABILITY = YES_AGGRESSIVE;
				CLANG_WARN_UNREACHABLE_CODE = YES;
				CLANG_WARN__DUPLICATE_METHOD_MATCH = YES;
				COPY_PHASE_STRIP = NO;
				DEBUG_INFORMATION_FORMAT = dwarf;
				ENABLE_STRICT_OBJC_MSGSEND = YES;
				ENABLE_TESTABILITY = YES;
				GCC_C_LANGUAGE_STANDARD = gnu11;
				GCC_DYNAMIC_NO_PIC = NO;
				GCC_NO_COMMON_BLOCKS = YES;
				GCC_OPTIMIZATION_LEVEL = 0;
				GCC_PREPROCESSOR_DEFINITIONS = (
					"DEBUG=1",
					"$(inherited)",
				);
				GCC_WARN_64_TO_32_BIT_CONVERSION = YES;
				GCC_WARN_ABOUT_RETURN_TYPE = YES_ERROR;
				GCC_WARN_UNDECLARED_SELECTOR = YES;
				GCC_WARN_UNINITIALIZED_AUTOS = YES_AGGRESSIVE;
				GCC_WARN_UNUSED_FUNCTION = YES;
				GCC_WARN_UNUSED_VARIABLE = YES;
				IPHONEOS_DEPLOYMENT_TARGET = 15.0;
				MTL_ENABLE_DEBUG_INFO = INCLUDE_SOURCE;
				MTL_FAST_MATH = YES;
				ONLY_ACTIVE_ARCH = YES;
				SDKROOT = iphoneos;
				SWIFT_ACTIVE_COMPILATION_CONDITIONS = DEBUG;
				SWIFT_OPTIMIZATION_LEVEL = "-Onone";
			};
			name = Debug;
		};
		212AA7F02754E5040061CCBC /* Release */ = {
			isa = XCBuildConfiguration;
			buildSettings = {
				ALWAYS_SEARCH_USER_PATHS = NO;
				CLANG_ANALYZER_NONNULL = YES;
				CLANG_ANALYZER_NUMBER_OBJECT_CONVERSION = YES_AGGRESSIVE;
				CLANG_CXX_LANGUAGE_STANDARD = "gnu++17";
				CLANG_CXX_LIBRARY = "libc++";
				CLANG_ENABLE_MODULES = YES;
				CLANG_ENABLE_OBJC_ARC = YES;
				CLANG_ENABLE_OBJC_WEAK = YES;
				CLANG_WARN_BLOCK_CAPTURE_AUTORELEASING = YES;
				CLANG_WARN_BOOL_CONVERSION = YES;
				CLANG_WARN_COMMA = YES;
				CLANG_WARN_CONSTANT_CONVERSION = YES;
				CLANG_WARN_DEPRECATED_OBJC_IMPLEMENTATIONS = YES;
				CLANG_WARN_DIRECT_OBJC_ISA_USAGE = YES_ERROR;
				CLANG_WARN_DOCUMENTATION_COMMENTS = YES;
				CLANG_WARN_EMPTY_BODY = YES;
				CLANG_WARN_ENUM_CONVERSION = YES;
				CLANG_WARN_INFINITE_RECURSION = YES;
				CLANG_WARN_INT_CONVERSION = YES;
				CLANG_WARN_NON_LITERAL_NULL_CONVERSION = YES;
				CLANG_WARN_OBJC_IMPLICIT_RETAIN_SELF = YES;
				CLANG_WARN_OBJC_LITERAL_CONVERSION = YES;
				CLANG_WARN_OBJC_ROOT_CLASS = YES_ERROR;
				CLANG_WARN_QUOTED_INCLUDE_IN_FRAMEWORK_HEADER = YES;
				CLANG_WARN_RANGE_LOOP_ANALYSIS = YES;
				CLANG_WARN_STRICT_PROTOTYPES = YES;
				CLANG_WARN_SUSPICIOUS_MOVE = YES;
				CLANG_WARN_UNGUARDED_AVAILABILITY = YES_AGGRESSIVE;
				CLANG_WARN_UNREACHABLE_CODE = YES;
				CLANG_WARN__DUPLICATE_METHOD_MATCH = YES;
				COPY_PHASE_STRIP = NO;
				DEBUG_INFORMATION_FORMAT = "dwarf-with-dsym";
				ENABLE_NS_ASSERTIONS = NO;
				ENABLE_STRICT_OBJC_MSGSEND = YES;
				GCC_C_LANGUAGE_STANDARD = gnu11;
				GCC_NO_COMMON_BLOCKS = YES;
				GCC_WARN_64_TO_32_BIT_CONVERSION = YES;
				GCC_WARN_ABOUT_RETURN_TYPE = YES_ERROR;
				GCC_WARN_UNDECLARED_SELECTOR = YES;
				GCC_WARN_UNINITIALIZED_AUTOS = YES_AGGRESSIVE;
				GCC_WARN_UNUSED_FUNCTION = YES;
				GCC_WARN_UNUSED_VARIABLE = YES;
				IPHONEOS_DEPLOYMENT_TARGET = 15.0;
				MTL_ENABLE_DEBUG_INFO = NO;
				MTL_FAST_MATH = YES;
				SDKROOT = iphoneos;
				SWIFT_COMPILATION_MODE = wholemodule;
				SWIFT_OPTIMIZATION_LEVEL = "-O";
				VALIDATE_PRODUCT = YES;
			};
			name = Release;
		};
		212AA7F22754E5040061CCBC /* Debug */ = {
			isa = XCBuildConfiguration;
			buildSettings = {
				ASSETCATALOG_COMPILER_APPICON_NAME = AppIcon;
				ASSETCATALOG_COMPILER_GLOBAL_ACCENT_COLOR_NAME = AccentColor;
				CODE_SIGN_STYLE = Automatic;
				CURRENT_PROJECT_VERSION = 1;
				DEVELOPMENT_ASSET_PATHS = "\"Weather/Preview Content\"";
				DEVELOPMENT_TEAM = SVNZBC4323;
				ENABLE_PREVIEWS = YES;
				GENERATE_INFOPLIST_FILE = YES;
				INFOPLIST_KEY_NSLocationWhenInUseUsageDescription = "App needs your location to get the local weather.";
				INFOPLIST_KEY_UIApplicationSceneManifest_Generation = YES;
				INFOPLIST_KEY_UIApplicationSupportsIndirectInputEvents = YES;
				INFOPLIST_KEY_UILaunchScreen_Generation = YES;
				INFOPLIST_KEY_UISupportedInterfaceOrientations = UIInterfaceOrientationPortrait;
				INFOPLIST_KEY_UISupportedInterfaceOrientations_iPad = "UIInterfaceOrientationPortrait UIInterfaceOrientationPortraitUpsideDown UIInterfaceOrientationLandscapeLeft UIInterfaceOrientationLandscapeRight";
				INFOPLIST_KEY_UISupportedInterfaceOrientations_iPhone = UIInterfaceOrientationPortrait;
				LD_RUNPATH_SEARCH_PATHS = (
					"$(inherited)",
					"@executable_path/Frameworks",
				);
				MARKETING_VERSION = 1.0;
				PRODUCT_BUNDLE_IDENTIFIER = com.gmail.tusatino.Weather;
				PRODUCT_NAME = "$(TARGET_NAME)";
				SWIFT_EMIT_LOC_STRINGS = YES;
				SWIFT_VERSION = 5.0;
				TARGETED_DEVICE_FAMILY = "1,2";
			};
			name = Debug;
		};
		212AA7F32754E5040061CCBC /* Release */ = {
			isa = XCBuildConfiguration;
			buildSettings = {
				ASSETCATALOG_COMPILER_APPICON_NAME = AppIcon;
				ASSETCATALOG_COMPILER_GLOBAL_ACCENT_COLOR_NAME = AccentColor;
				CODE_SIGN_STYLE = Automatic;
				CURRENT_PROJECT_VERSION = 1;
				DEVELOPMENT_ASSET_PATHS = "\"Weather/Preview Content\"";
				DEVELOPMENT_TEAM = SVNZBC4323;
				ENABLE_PREVIEWS = YES;
				GENERATE_INFOPLIST_FILE = YES;
				INFOPLIST_KEY_NSLocationWhenInUseUsageDescription = "App needs your location to get the local weather.";
				INFOPLIST_KEY_UIApplicationSceneManifest_Generation = YES;
				INFOPLIST_KEY_UIApplicationSupportsIndirectInputEvents = YES;
				INFOPLIST_KEY_UILaunchScreen_Generation = YES;
				INFOPLIST_KEY_UISupportedInterfaceOrientations = UIInterfaceOrientationPortrait;
				INFOPLIST_KEY_UISupportedInterfaceOrientations_iPad = "UIInterfaceOrientationPortrait UIInterfaceOrientationPortraitUpsideDown UIInterfaceOrientationLandscapeLeft UIInterfaceOrientationLandscapeRight";
				INFOPLIST_KEY_UISupportedInterfaceOrientations_iPhone = UIInterfaceOrientationPortrait;
				LD_RUNPATH_SEARCH_PATHS = (
					"$(inherited)",
					"@executable_path/Frameworks",
				);
				MARKETING_VERSION = 1.0;
				PRODUCT_BUNDLE_IDENTIFIER = com.gmail.tusatino.Weather;
				PRODUCT_NAME = "$(TARGET_NAME)";
				SWIFT_EMIT_LOC_STRINGS = YES;
				SWIFT_VERSION = 5.0;
				TARGETED_DEVICE_FAMILY = "1,2";
			};
			name = Release;
		};
		212AA7F52754E5040061CCBC /* Debug */ = {
			isa = XCBuildConfiguration;
			buildSettings = {
				ALWAYS_EMBED_SWIFT_STANDARD_LIBRARIES = YES;
				BUNDLE_LOADER = "$(TEST_HOST)";
				CODE_SIGN_STYLE = Automatic;
				CURRENT_PROJECT_VERSION = 1;
				DEVELOPMENT_TEAM = SVNZBC4323;
				GENERATE_INFOPLIST_FILE = YES;
				IPHONEOS_DEPLOYMENT_TARGET = 15.0;
				LD_RUNPATH_SEARCH_PATHS = (
					"$(inherited)",
					"@executable_path/Frameworks",
					"@loader_path/Frameworks",
				);
				MARKETING_VERSION = 1.0;
				PRODUCT_BUNDLE_IDENTIFIER = com.gmail.tusatino.WeatherTests;
				PRODUCT_NAME = "$(TARGET_NAME)";
				SWIFT_EMIT_LOC_STRINGS = NO;
				SWIFT_VERSION = 5.0;
				TARGETED_DEVICE_FAMILY = "1,2";
				TEST_HOST = "$(BUILT_PRODUCTS_DIR)/Weather.app/Weather";
			};
			name = Debug;
		};
		212AA7F62754E5040061CCBC /* Release */ = {
			isa = XCBuildConfiguration;
			buildSettings = {
				ALWAYS_EMBED_SWIFT_STANDARD_LIBRARIES = YES;
				BUNDLE_LOADER = "$(TEST_HOST)";
				CODE_SIGN_STYLE = Automatic;
				CURRENT_PROJECT_VERSION = 1;
				DEVELOPMENT_TEAM = SVNZBC4323;
				GENERATE_INFOPLIST_FILE = YES;
				IPHONEOS_DEPLOYMENT_TARGET = 15.0;
				LD_RUNPATH_SEARCH_PATHS = (
					"$(inherited)",
					"@executable_path/Frameworks",
					"@loader_path/Frameworks",
				);
				MARKETING_VERSION = 1.0;
				PRODUCT_BUNDLE_IDENTIFIER = com.gmail.tusatino.WeatherTests;
				PRODUCT_NAME = "$(TARGET_NAME)";
				SWIFT_EMIT_LOC_STRINGS = NO;
				SWIFT_VERSION = 5.0;
				TARGETED_DEVICE_FAMILY = "1,2";
				TEST_HOST = "$(BUILT_PRODUCTS_DIR)/Weather.app/Weather";
			};
			name = Release;
		};
		212AA7F82754E5040061CCBC /* Debug */ = {
			isa = XCBuildConfiguration;
			buildSettings = {
				ALWAYS_EMBED_SWIFT_STANDARD_LIBRARIES = YES;
				CODE_SIGN_STYLE = Automatic;
				CURRENT_PROJECT_VERSION = 1;
				DEVELOPMENT_TEAM = SVNZBC4323;
				GENERATE_INFOPLIST_FILE = YES;
				LD_RUNPATH_SEARCH_PATHS = (
					"$(inherited)",
					"@executable_path/Frameworks",
					"@loader_path/Frameworks",
				);
				MARKETING_VERSION = 1.0;
				PRODUCT_BUNDLE_IDENTIFIER = com.gmail.tusatino.WeatherUITests;
				PRODUCT_NAME = "$(TARGET_NAME)";
				SWIFT_EMIT_LOC_STRINGS = NO;
				SWIFT_VERSION = 5.0;
				TARGETED_DEVICE_FAMILY = "1,2";
				TEST_TARGET_NAME = Weather;
			};
			name = Debug;
		};
		212AA7F92754E5040061CCBC /* Release */ = {
			isa = XCBuildConfiguration;
			buildSettings = {
				ALWAYS_EMBED_SWIFT_STANDARD_LIBRARIES = YES;
				CODE_SIGN_STYLE = Automatic;
				CURRENT_PROJECT_VERSION = 1;
				DEVELOPMENT_TEAM = SVNZBC4323;
				GENERATE_INFOPLIST_FILE = YES;
				LD_RUNPATH_SEARCH_PATHS = (
					"$(inherited)",
					"@executable_path/Frameworks",
					"@loader_path/Frameworks",
				);
				MARKETING_VERSION = 1.0;
				PRODUCT_BUNDLE_IDENTIFIER = com.gmail.tusatino.WeatherUITests;
				PRODUCT_NAME = "$(TARGET_NAME)";
				SWIFT_EMIT_LOC_STRINGS = NO;
				SWIFT_VERSION = 5.0;
				TARGETED_DEVICE_FAMILY = "1,2";
				TEST_TARGET_NAME = Weather;
			};
			name = Release;
		};
/* End XCBuildConfiguration section */

/* Begin XCConfigurationList section */
		212AA7C82754E5010061CCBC /* Build configuration list for PBXProject "Weather" */ = {
			isa = XCConfigurationList;
			buildConfigurations = (
				212AA7EF2754E5040061CCBC /* Debug */,
				212AA7F02754E5040061CCBC /* Release */,
			);
			defaultConfigurationIsVisible = 0;
			defaultConfigurationName = Release;
		};
		212AA7F12754E5040061CCBC /* Build configuration list for PBXNativeTarget "Weather" */ = {
			isa = XCConfigurationList;
			buildConfigurations = (
				212AA7F22754E5040061CCBC /* Debug */,
				212AA7F32754E5040061CCBC /* Release */,
			);
			defaultConfigurationIsVisible = 0;
			defaultConfigurationName = Release;
		};
		212AA7F42754E5040061CCBC /* Build configuration list for PBXNativeTarget "WeatherTests" */ = {
			isa = XCConfigurationList;
			buildConfigurations = (
				212AA7F52754E5040061CCBC /* Debug */,
				212AA7F62754E5040061CCBC /* Release */,
			);
			defaultConfigurationIsVisible = 0;
			defaultConfigurationName = Release;
		};
		212AA7F72754E5040061CCBC /* Build configuration list for PBXNativeTarget "WeatherUITests" */ = {
			isa = XCConfigurationList;
			buildConfigurations = (
				212AA7F82754E5040061CCBC /* Debug */,
				212AA7F92754E5040061CCBC /* Release */,
			);
			defaultConfigurationIsVisible = 0;
			defaultConfigurationName = Release;
		};
/* End XCConfigurationList section */
	};
	rootObject = 212AA7C52754E5010061CCBC /* Project object */;
}
